// !$*UTF8*$!
{
	archiveVersion = 1;
	classes = {
	};
	objectVersion = 56;
	objects = {

/* Begin PBXBuildFile section */
		B57507702A063675009FC995 /* AppDelegate.swift in Sources */ = {isa = PBXBuildFile; fileRef = B575076F2A063675009FC995 /* AppDelegate.swift */; };
		B57507722A063675009FC995 /* SceneDelegate.swift in Sources */ = {isa = PBXBuildFile; fileRef = B57507712A063675009FC995 /* SceneDelegate.swift */; };
		B57507742A063675009FC995 /* ViewController.swift in Sources */ = {isa = PBXBuildFile; fileRef = B57507732A063675009FC995 /* ViewController.swift */; };
		B57507792A063677009FC995 /* Assets.xcassets in Resources */ = {isa = PBXBuildFile; fileRef = B57507782A063677009FC995 /* Assets.xcassets */; };
		B575077C2A063677009FC995 /* LaunchScreen.storyboard in Resources */ = {isa = PBXBuildFile; fileRef = B575077A2A063677009FC995 /* LaunchScreen.storyboard */; };
		B57507842A06378F009FC995 /* CityWeather.swift in Sources */ = {isa = PBXBuildFile; fileRef = B57507832A06378F009FC995 /* CityWeather.swift */; };
		B57507872A0639C2009FC995 /* Config.swift in Sources */ = {isa = PBXBuildFile; fileRef = B57507862A0639C2009FC995 /* Config.swift */; };
		B57507892A0639E8009FC995 /* NetworkResult.swift in Sources */ = {isa = PBXBuildFile; fileRef = B57507882A0639E8009FC995 /* NetworkResult.swift */; };
		B575078B2A063A1E009FC995 /* CityWeatherService.swift in Sources */ = {isa = PBXBuildFile; fileRef = B575078A2A063A1E009FC995 /* CityWeatherService.swift */; };
		B575078E2A063D37009FC995 /* Alamofire in Frameworks */ = {isa = PBXBuildFile; productRef = B575078D2A063D37009FC995 /* Alamofire */; };
/* End PBXBuildFile section */

/* Begin PBXFileReference section */
		B575076C2A063675009FC995 /* seminar-week4.app */ = {isa = PBXFileReference; explicitFileType = wrapper.application; includeInIndex = 0; path = "seminar-week4.app"; sourceTree = BUILT_PRODUCTS_DIR; };
		B575076F2A063675009FC995 /* AppDelegate.swift */ = {isa = PBXFileReference; lastKnownFileType = sourcecode.swift; path = AppDelegate.swift; sourceTree = "<group>"; };
		B57507712A063675009FC995 /* SceneDelegate.swift */ = {isa = PBXFileReference; lastKnownFileType = sourcecode.swift; path = SceneDelegate.swift; sourceTree = "<group>"; };
		B57507732A063675009FC995 /* ViewController.swift */ = {isa = PBXFileReference; lastKnownFileType = sourcecode.swift; path = ViewController.swift; sourceTree = "<group>"; };
		B57507782A063677009FC995 /* Assets.xcassets */ = {isa = PBXFileReference; lastKnownFileType = folder.assetcatalog; path = Assets.xcassets; sourceTree = "<group>"; };
		B575077B2A063677009FC995 /* Base */ = {isa = PBXFileReference; lastKnownFileType = file.storyboard; name = Base; path = Base.lproj/LaunchScreen.storyboard; sourceTree = "<group>"; };
		B575077D2A063677009FC995 /* Info.plist */ = {isa = PBXFileReference; lastKnownFileType = text.plist.xml; path = Info.plist; sourceTree = "<group>"; };
		B57507832A06378F009FC995 /* CityWeather.swift */ = {isa = PBXFileReference; lastKnownFileType = sourcecode.swift; path = CityWeather.swift; sourceTree = "<group>"; };
		B57507862A0639C2009FC995 /* Config.swift */ = {isa = PBXFileReference; lastKnownFileType = sourcecode.swift; path = Config.swift; sourceTree = "<group>"; };
		B57507882A0639E8009FC995 /* NetworkResult.swift */ = {isa = PBXFileReference; lastKnownFileType = sourcecode.swift; path = NetworkResult.swift; sourceTree = "<group>"; };
		B575078A2A063A1E009FC995 /* CityWeatherService.swift */ = {isa = PBXFileReference; lastKnownFileType = sourcecode.swift; path = CityWeatherService.swift; sourceTree = "<group>"; };
/* End PBXFileReference section */

/* Begin PBXFrameworksBuildPhase section */
		B57507692A063675009FC995 /* Frameworks */ = {
			isa = PBXFrameworksBuildPhase;
			buildActionMask = 2147483647;
			files = (
				B575078E2A063D37009FC995 /* Alamofire in Frameworks */,
			);
			runOnlyForDeploymentPostprocessing = 0;
		};
/* End PBXFrameworksBuildPhase section */

/* Begin PBXGroup section */
		B57507632A063675009FC995 = {
			isa = PBXGroup;
			children = (
				B575076E2A063675009FC995 /* seminar-week4 */,
				B575076D2A063675009FC995 /* Products */,
			);
			sourceTree = "<group>";
		};
		B575076D2A063675009FC995 /* Products */ = {
			isa = PBXGroup;
			children = (
				B575076C2A063675009FC995 /* seminar-week4.app */,
			);
			name = Products;
			sourceTree = "<group>";
		};
		B575076E2A063675009FC995 /* seminar-week4 */ = {
			isa = PBXGroup;
			children = (
				B57507852A063932009FC995 /* Model */,
				B575076F2A063675009FC995 /* AppDelegate.swift */,
				B57507712A063675009FC995 /* SceneDelegate.swift */,
				B57507732A063675009FC995 /* ViewController.swift */,
				B57507782A063677009FC995 /* Assets.xcassets */,
				B575077A2A063677009FC995 /* LaunchScreen.storyboard */,
				B575077D2A063677009FC995 /* Info.plist */,
			);
			path = "seminar-week4";
			sourceTree = "<group>";
		};
		B57507852A063932009FC995 /* Model */ = {
			isa = PBXGroup;
			children = (
				B57507832A06378F009FC995 /* CityWeather.swift */,
				B57507862A0639C2009FC995 /* Config.swift */,
				B57507882A0639E8009FC995 /* NetworkResult.swift */,
				B575078A2A063A1E009FC995 /* CityWeatherService.swift */,
			);
			path = Model;
			sourceTree = "<group>";
		};
/* End PBXGroup section */

/* Begin PBXNativeTarget section */
		B575076B2A063675009FC995 /* seminar-week4 */ = {
			isa = PBXNativeTarget;
			buildConfigurationList = B57507802A063677009FC995 /* Build configuration list for PBXNativeTarget "seminar-week4" */;
			buildPhases = (
				B57507682A063675009FC995 /* Sources */,
				B57507692A063675009FC995 /* Frameworks */,
				B575076A2A063675009FC995 /* Resources */,
			);
			buildRules = (
			);
			dependencies = (
			);
			name = "seminar-week4";
			packageProductDependencies = (
				B575078D2A063D37009FC995 /* Alamofire */,
			);
			productName = "seminar-week4";
			productReference = B575076C2A063675009FC995 /* seminar-week4.app */;
			productType = "com.apple.product-type.application";
		};
/* End PBXNativeTarget section */

/* Begin PBXProject section */
		B57507642A063675009FC995 /* Project object */ = {
			isa = PBXProject;
			attributes = {
				BuildIndependentTargetsInParallel = 1;
				LastSwiftUpdateCheck = 1430;
				LastUpgradeCheck = 1430;
				TargetAttributes = {
					B575076B2A063675009FC995 = {
						CreatedOnToolsVersion = 14.3;
					};
				};
			};
			buildConfigurationList = B57507672A063675009FC995 /* Build configuration list for PBXProject "seminar-week4" */;
			compatibilityVersion = "Xcode 14.0";
			developmentRegion = en;
			hasScannedForEncodings = 0;
			knownRegions = (
				en,
				Base,
			);
			mainGroup = B57507632A063675009FC995;
			packageReferences = (
				B575078C2A063D37009FC995 /* XCRemoteSwiftPackageReference "Alamofire" */,
			);
			productRefGroup = B575076D2A063675009FC995 /* Products */;
			projectDirPath = "";
			projectRoot = "";
			targets = (
				B575076B2A063675009FC995 /* seminar-week4 */,
			);
		};
/* End PBXProject section */

/* Begin PBXResourcesBuildPhase section */
		B575076A2A063675009FC995 /* Resources */ = {
			isa = PBXResourcesBuildPhase;
			buildActionMask = 2147483647;
			files = (
				B575077C2A063677009FC995 /* LaunchScreen.storyboard in Resources */,
				B57507792A063677009FC995 /* Assets.xcassets in Resources */,
			);
			runOnlyForDeploymentPostprocessing = 0;
		};
/* End PBXResourcesBuildPhase section */

/* Begin PBXSourcesBuildPhase section */
		B57507682A063675009FC995 /* Sources */ = {
			isa = PBXSourcesBuildPhase;
			buildActionMask = 2147483647;
			files = (
				B57507742A063675009FC995 /* ViewController.swift in Sources */,
				B57507842A06378F009FC995 /* CityWeather.swift in Sources */,
				B57507872A0639C2009FC995 /* Config.swift in Sources */,
				B57507892A0639E8009FC995 /* NetworkResult.swift in Sources */,
				B575078B2A063A1E009FC995 /* CityWeatherService.swift in Sources */,
				B57507702A063675009FC995 /* AppDelegate.swift in Sources */,
				B57507722A063675009FC995 /* SceneDelegate.swift in Sources */,
			);
			runOnlyForDeploymentPostprocessing = 0;
		};
/* End PBXSourcesBuildPhase section */

/* Begin PBXVariantGroup section */
		B575077A2A063677009FC995 /* LaunchScreen.storyboard */ = {
			isa = PBXVariantGroup;
			children = (
				B575077B2A063677009FC995 /* Base */,
			);
			name = LaunchScreen.storyboard;
			sourceTree = "<group>";
		};
/* End PBXVariantGroup section */

/* Begin XCBuildConfiguration section */
		B575077E2A063677009FC995 /* Debug */ = {
			isa = XCBuildConfiguration;
			buildSettings = {
				ALWAYS_SEARCH_USER_PATHS = NO;
				BASE_URL = "https://api.openweathermap.org/data/2.5/weather";
				CLANG_ANALYZER_NONNULL = YES;
				CLANG_ANALYZER_NUMBER_OBJECT_CONVERSION = YES_AGGRESSIVE;
				CLANG_CXX_LANGUAGE_STANDARD = "gnu++20";
				CLANG_ENABLE_MODULES = YES;
				CLANG_ENABLE_OBJC_ARC = YES;
				CLANG_ENABLE_OBJC_WEAK = YES;
				CLANG_WARN_BLOCK_CAPTURE_AUTORELEASING = YES;
				CLANG_WARN_BOOL_CONVERSION = YES;
				CLANG_WARN_COMMA = YES;
				CLANG_WARN_CONSTANT_CONVERSION = YES;
				CLANG_WARN_DEPRECATED_OBJC_IMPLEMENTATIONS = YES;
				CLANG_WARN_DIRECT_OBJC_ISA_USAGE = YES_ERROR;
				CLANG_WARN_DOCUMENTATION_COMMENTS = YES;
				CLANG_WARN_EMPTY_BODY = YES;
				CLANG_WARN_ENUM_CONVERSION = YES;
				CLANG_WARN_INFINITE_RECURSION = YES;
				CLANG_WARN_INT_CONVERSION = YES;
				CLANG_WARN_NON_LITERAL_NULL_CONVERSION = YES;
				CLANG_WARN_OBJC_IMPLICIT_RETAIN_SELF = YES;
				CLANG_WARN_OBJC_LITERAL_CONVERSION = YES;
				CLANG_WARN_OBJC_ROOT_CLASS = YES_ERROR;
				CLANG_WARN_QUOTED_INCLUDE_IN_FRAMEWORK_HEADER = YES;
				CLANG_WARN_RANGE_LOOP_ANALYSIS = YES;
				CLANG_WARN_STRICT_PROTOTYPES = YES;
				CLANG_WARN_SUSPICIOUS_MOVE = YES;
				CLANG_WARN_UNGUARDED_AVAILABILITY = YES_AGGRESSIVE;
				CLANG_WARN_UNREACHABLE_CODE = YES;
				CLANG_WARN__DUPLICATE_METHOD_MATCH = YES;
				COPY_PHASE_STRIP = NO;
				DEBUG_INFORMATION_FORMAT = dwarf;
				ENABLE_STRICT_OBJC_MSGSEND = YES;
				ENABLE_TESTABILITY = YES;
				GCC_C_LANGUAGE_STANDARD = gnu11;
				GCC_DYNAMIC_NO_PIC = NO;
				GCC_NO_COMMON_BLOCKS = YES;
				GCC_OPTIMIZATION_LEVEL = 0;
				GCC_PREPROCESSOR_DEFINITIONS = (
					"DEBUG=1",
					"$(inherited)",
				);
				GCC_WARN_64_TO_32_BIT_CONVERSION = YES;
				GCC_WARN_ABOUT_RETURN_TYPE = YES_ERROR;
				GCC_WARN_UNDECLARED_SELECTOR = YES;
				GCC_WARN_UNINITIALIZED_AUTOS = YES_AGGRESSIVE;
				GCC_WARN_UNUSED_FUNCTION = YES;
				GCC_WARN_UNUSED_VARIABLE = YES;
				IPHONEOS_DEPLOYMENT_TARGET = 16.4;
				MTL_ENABLE_DEBUG_INFO = INCLUDE_SOURCE;
				MTL_FAST_MATH = YES;
				ONLY_ACTIVE_ARCH = YES;
				SDKROOT = iphoneos;
				SWIFT_ACTIVE_COMPILATION_CONDITIONS = DEBUG;
				SWIFT_OPTIMIZATION_LEVEL = "-Onone";
			};
			name = Debug;
		};
		B575077F2A063677009FC995 /* Release */ = {
			isa = XCBuildConfiguration;
			buildSettings = {
				ALWAYS_SEARCH_USER_PATHS = NO;
				BASE_URL = "https://api.openweathermap.org/data/2.5/weather";
				CLANG_ANALYZER_NONNULL = YES;
				CLANG_ANALYZER_NUMBER_OBJECT_CONVERSION = YES_AGGRESSIVE;
				CLANG_CXX_LANGUAGE_STANDARD = "gnu++20";
				CLANG_ENABLE_MODULES = YES;
				CLANG_ENABLE_OBJC_ARC = YES;
				CLANG_ENABLE_OBJC_WEAK = YES;
				CLANG_WARN_BLOCK_CAPTURE_AUTORELEASING = YES;
				CLANG_WARN_BOOL_CONVERSION = YES;
				CLANG_WARN_COMMA = YES;
				CLANG_WARN_CONSTANT_CONVERSION = YES;
				CLANG_WARN_DEPRECATED_OBJC_IMPLEMENTATIONS = YES;
				CLANG_WARN_DIRECT_OBJC_ISA_USAGE = YES_ERROR;
				CLANG_WARN_DOCUMENTATION_COMMENTS = YES;
				CLANG_WARN_EMPTY_BODY = YES;
				CLANG_WARN_ENUM_CONVERSION = YES;
				CLANG_WARN_INFINITE_RECURSION = YES;
				CLANG_WARN_INT_CONVERSION = YES;
				CLANG_WARN_NON_LITERAL_NULL_CONVERSION = YES;
				CLANG_WARN_OBJC_IMPLICIT_RETAIN_SELF = YES;
				CLANG_WARN_OBJC_LITERAL_CONVERSION = YES;
				CLANG_WARN_OBJC_ROOT_CLASS = YES_ERROR;
				CLANG_WARN_QUOTED_INCLUDE_IN_FRAMEWORK_HEADER = YES;
				CLANG_WARN_RANGE_LOOP_ANALYSIS = YES;
				CLANG_WARN_STRICT_PROTOTYPES = YES;
				CLANG_WARN_SUSPICIOUS_MOVE = YES;
				CLANG_WARN_UNGUARDED_AVAILABILITY = YES_AGGRESSIVE;
				CLANG_WARN_UNREACHABLE_CODE = YES;
				CLANG_WARN__DUPLICATE_METHOD_MATCH = YES;
				COPY_PHASE_STRIP = NO;
				DEBUG_INFORMATION_FORMAT = "dwarf-with-dsym";
				ENABLE_NS_ASSERTIONS = NO;
				ENABLE_STRICT_OBJC_MSGSEND = YES;
				GCC_C_LANGUAGE_STANDARD = gnu11;
				GCC_NO_COMMON_BLOCKS = YES;
				GCC_WARN_64_TO_32_BIT_CONVERSION = YES;
				GCC_WARN_ABOUT_RETURN_TYPE = YES_ERROR;
				GCC_WARN_UNDECLARED_SELECTOR = YES;
				GCC_WARN_UNINITIALIZED_AUTOS = YES_AGGRESSIVE;
				GCC_WARN_UNUSED_FUNCTION = YES;
				GCC_WARN_UNUSED_VARIABLE = YES;
				IPHONEOS_DEPLOYMENT_TARGET = 16.4;
				MTL_ENABLE_DEBUG_INFO = NO;
				MTL_FAST_MATH = YES;
				SDKROOT = iphoneos;
				SWIFT_COMPILATION_MODE = wholemodule;
				SWIFT_OPTIMIZATION_LEVEL = "-O";
				VALIDATE_PRODUCT = YES;
			};
			name = Release;
		};
		B57507812A063677009FC995 /* Debug */ = {
			isa = XCBuildConfiguration;
			buildSettings = {
				API_KEY = 8b223c1b50adf7d05d2c5599b1ba9193;
				ASSETCATALOG_COMPILER_APPICON_NAME = AppIcon;
				ASSETCATALOG_COMPILER_GLOBAL_ACCENT_COLOR_NAME = AccentColor;
				CODE_SIGN_STYLE = Automatic;
				CURRENT_PROJECT_VERSION = 1;
				DEVELOPMENT_TEAM = AXN37CP9B9;
				GENERATE_INFOPLIST_FILE = YES;
				INFOPLIST_FILE = "seminar-week4/Info.plist";
				INFOPLIST_KEY_UIApplicationSupportsIndirectInputEvents = YES;
				INFOPLIST_KEY_UILaunchStoryboardName = LaunchScreen;
				INFOPLIST_KEY_UISupportedInterfaceOrientations_iPad = "UIInterfaceOrientationPortrait UIInterfaceOrientationPortraitUpsideDown UIInterfaceOrientationLandscapeLeft UIInterfaceOrientationLandscapeRight";
				INFOPLIST_KEY_UISupportedInterfaceOrientations_iPhone = "UIInterfaceOrientationPortrait UIInterfaceOrientationLandscapeLeft UIInterfaceOrientationLandscapeRight";
				LD_RUNPATH_SEARCH_PATHS = (
					"$(inherited)",
					"@executable_path/Frameworks",
				);
				MARKETING_VERSION = 1.0;
				PRODUCT_BUNDLE_IDENTIFIER = "minjae.seminar-week4";
				PRODUCT_NAME = "$(TARGET_NAME)";
				SWIFT_EMIT_LOC_STRINGS = YES;
				SWIFT_VERSION = 5.0;
				TARGETED_DEVICE_FAMILY = "1,2";
			};
			name = Debug;
		};
		B57507822A063677009FC995 /* Release */ = {
			isa = XCBuildConfiguration;
			buildSettings = {
				API_KEY = 8b223c1b50adf7d05d2c5599b1ba9193;
				ASSETCATALOG_COMPILER_APPICON_NAME = AppIcon;
				ASSETCATALOG_COMPILER_GLOBAL_ACCENT_COLOR_NAME = AccentColor;
				CODE_SIGN_STYLE = Automatic;
				CURRENT_PROJECT_VERSION = 1;
				DEVELOPMENT_TEAM = AXN37CP9B9;
				GENERATE_INFOPLIST_FILE = YES;
				INFOPLIST_FILE = "seminar-week4/Info.plist";
				INFOPLIST_KEY_UIApplicationSupportsIndirectInputEvents = YES;
				INFOPLIST_KEY_UILaunchStoryboardName = LaunchScreen;
				INFOPLIST_KEY_UISupportedInterfaceOrientations_iPad = "UIInterfaceOrientationPortrait UIInterfaceOrientationPortraitUpsideDown UIInterfaceOrientationLandscapeLeft UIInterfaceOrientationLandscapeRight";
				INFOPLIST_KEY_UISupportedInterfaceOrientations_iPhone = "UIInterfaceOrientationPortrait UIInterfaceOrientationLandscapeLeft UIInterfaceOrientationLandscapeRight";
				LD_RUNPATH_SEARCH_PATHS = (
					"$(inherited)",
					"@executable_path/Frameworks",
				);
				MARKETING_VERSION = 1.0;
				PRODUCT_BUNDLE_IDENTIFIER = "minjae.seminar-week4";
				PRODUCT_NAME = "$(TARGET_NAME)";
				SWIFT_EMIT_LOC_STRINGS = YES;
				SWIFT_VERSION = 5.0;
				TARGETED_DEVICE_FAMILY = "1,2";
			};
			name = Release;
		};
/* End XCBuildConfiguration section */

/* Begin XCConfigurationList section */
		B57507672A063675009FC995 /* Build configuration list for PBXProject "seminar-week4" */ = {
			isa = XCConfigurationList;
			buildConfigurations = (
				B575077E2A063677009FC995 /* Debug */,
				B575077F2A063677009FC995 /* Release */,
			);
			defaultConfigurationIsVisible = 0;
			defaultConfigurationName = Release;
		};
		B57507802A063677009FC995 /* Build configuration list for PBXNativeTarget "seminar-week4" */ = {
			isa = XCConfigurationList;
			buildConfigurations = (
				B57507812A063677009FC995 /* Debug */,
				B57507822A063677009FC995 /* Release */,
			);
			defaultConfigurationIsVisible = 0;
			defaultConfigurationName = Release;
		};
/* End XCConfigurationList section */

/* Begin XCRemoteSwiftPackageReference section */
		B575078C2A063D37009FC995 /* XCRemoteSwiftPackageReference "Alamofire" */ = {
			isa = XCRemoteSwiftPackageReference;
			repositoryURL = "https://github.com/Alamofire/Alamofire.git";
			requirement = {
				kind = upToNextMajorVersion;
				minimumVersion = 5.0.0;
			};
		};
/* End XCRemoteSwiftPackageReference section */

/* Begin XCSwiftPackageProductDependency section */
		B575078D2A063D37009FC995 /* Alamofire */ = {
			isa = XCSwiftPackageProductDependency;
			package = B575078C2A063D37009FC995 /* XCRemoteSwiftPackageReference "Alamofire" */;
			productName = Alamofire;
		};
/* End XCSwiftPackageProductDependency section */
	};
	rootObject = B57507642A063675009FC995 /* Project object */;
}
