// !$*UTF8*$!
{
	archiveVersion = 1;
	classes = {
	};
	objectVersion = 56;
	objects = {

/* Begin PBXBuildFile section */
		B598BDD429D58C5C00FDEF04 /* AppDelegate.swift in Sources */ = {isa = PBXBuildFile; fileRef = B598BDD329D58C5C00FDEF04 /* AppDelegate.swift */; };
		B598BDD629D58C5C00FDEF04 /* SceneDelegate.swift in Sources */ = {isa = PBXBuildFile; fileRef = B598BDD529D58C5C00FDEF04 /* SceneDelegate.swift */; };
		B598BDD829D58C5C00FDEF04 /* ViewController.swift in Sources */ = {isa = PBXBuildFile; fileRef = B598BDD729D58C5C00FDEF04 /* ViewController.swift */; };
		B598BDDB29D58C5C00FDEF04 /* Main.storyboard in Resources */ = {isa = PBXBuildFile; fileRef = B598BDD929D58C5C00FDEF04 /* Main.storyboard */; };
		B598BDDD29D58C5D00FDEF04 /* Assets.xcassets in Resources */ = {isa = PBXBuildFile; fileRef = B598BDDC29D58C5D00FDEF04 /* Assets.xcassets */; };
		B598BDE029D58C5D00FDEF04 /* LaunchScreen.storyboard in Resources */ = {isa = PBXBuildFile; fileRef = B598BDDE29D58C5D00FDEF04 /* LaunchScreen.storyboard */; };
		B598BDE829D58C7A00FDEF04 /* Table.storyboard in Resources */ = {isa = PBXBuildFile; fileRef = B598BDE729D58C7A00FDEF04 /* Table.storyboard */; };
		B598BDEA29D58C9E00FDEF04 /* TableViewController.swift in Sources */ = {isa = PBXBuildFile; fileRef = B598BDE929D58C9E00FDEF04 /* TableViewController.swift */; };
		B598BDEC29D58CA900FDEF04 /* TableViewCell.swift in Sources */ = {isa = PBXBuildFile; fileRef = B598BDEB29D58CA900FDEF04 /* TableViewCell.swift */; };
		B598BDEE29D58DAD00FDEF04 /* SecondViewController.swift in Sources */ = {isa = PBXBuildFile; fileRef = B598BDED29D58DAD00FDEF04 /* SecondViewController.swift */; };
/* End PBXBuildFile section */

/* Begin PBXFileReference section */
		B598BDD029D58C5C00FDEF04 /* weakEx.app */ = {isa = PBXFileReference; explicitFileType = wrapper.application; includeInIndex = 0; path = weakEx.app; sourceTree = BUILT_PRODUCTS_DIR; };
		B598BDD329D58C5C00FDEF04 /* AppDelegate.swift */ = {isa = PBXFileReference; lastKnownFileType = sourcecode.swift; path = AppDelegate.swift; sourceTree = "<group>"; };
		B598BDD529D58C5C00FDEF04 /* SceneDelegate.swift */ = {isa = PBXFileReference; lastKnownFileType = sourcecode.swift; path = SceneDelegate.swift; sourceTree = "<group>"; };
		B598BDD729D58C5C00FDEF04 /* ViewController.swift */ = {isa = PBXFileReference; lastKnownFileType = sourcecode.swift; path = ViewController.swift; sourceTree = "<group>"; };
		B598BDDA29D58C5C00FDEF04 /* Base */ = {isa = PBXFileReference; lastKnownFileType = file.storyboard; name = Base; path = Base.lproj/Main.storyboard; sourceTree = "<group>"; };
		B598BDDC29D58C5D00FDEF04 /* Assets.xcassets */ = {isa = PBXFileReference; lastKnownFileType = folder.assetcatalog; path = Assets.xcassets; sourceTree = "<group>"; };
		B598BDDF29D58C5D00FDEF04 /* Base */ = {isa = PBXFileReference; lastKnownFileType = file.storyboard; name = Base; path = Base.lproj/LaunchScreen.storyboard; sourceTree = "<group>"; };
		B598BDE129D58C5D00FDEF04 /* Info.plist */ = {isa = PBXFileReference; lastKnownFileType = text.plist.xml; path = Info.plist; sourceTree = "<group>"; };
		B598BDE729D58C7A00FDEF04 /* Table.storyboard */ = {isa = PBXFileReference; lastKnownFileType = file.storyboard; path = Table.storyboard; sourceTree = "<group>"; };
		B598BDE929D58C9E00FDEF04 /* TableViewController.swift */ = {isa = PBXFileReference; lastKnownFileType = sourcecode.swift; path = TableViewController.swift; sourceTree = "<group>"; };
		B598BDEB29D58CA900FDEF04 /* TableViewCell.swift */ = {isa = PBXFileReference; lastKnownFileType = sourcecode.swift; path = TableViewCell.swift; sourceTree = "<group>"; };
		B598BDED29D58DAD00FDEF04 /* SecondViewController.swift */ = {isa = PBXFileReference; lastKnownFileType = sourcecode.swift; path = SecondViewController.swift; sourceTree = "<group>"; };
/* End PBXFileReference section */

/* Begin PBXFrameworksBuildPhase section */
		B598BDCD29D58C5C00FDEF04 /* Frameworks */ = {
			isa = PBXFrameworksBuildPhase;
			buildActionMask = 2147483647;
			files = (
			);
			runOnlyForDeploymentPostprocessing = 0;
		};
/* End PBXFrameworksBuildPhase section */

/* Begin PBXGroup section */
		B598BDC729D58C5C00FDEF04 = {
			isa = PBXGroup;
			children = (
				B598BDD229D58C5C00FDEF04 /* weakEx */,
				B598BDD129D58C5C00FDEF04 /* Products */,
			);
			sourceTree = "<group>";
		};
		B598BDD129D58C5C00FDEF04 /* Products */ = {
			isa = PBXGroup;
			children = (
				B598BDD029D58C5C00FDEF04 /* weakEx.app */,
			);
			name = Products;
			sourceTree = "<group>";
		};
		B598BDD229D58C5C00FDEF04 /* weakEx */ = {
			isa = PBXGroup;
			children = (
				B598BDD329D58C5C00FDEF04 /* AppDelegate.swift */,
				B598BDD529D58C5C00FDEF04 /* SceneDelegate.swift */,
				B598BDD729D58C5C00FDEF04 /* ViewController.swift */,
				B598BDD929D58C5C00FDEF04 /* Main.storyboard */,
				B598BDDC29D58C5D00FDEF04 /* Assets.xcassets */,
				B598BDDE29D58C5D00FDEF04 /* LaunchScreen.storyboard */,
				B598BDE129D58C5D00FDEF04 /* Info.plist */,
				B598BDE729D58C7A00FDEF04 /* Table.storyboard */,
				B598BDE929D58C9E00FDEF04 /* TableViewController.swift */,
				B598BDEB29D58CA900FDEF04 /* TableViewCell.swift */,
				B598BDED29D58DAD00FDEF04 /* SecondViewController.swift */,
			);
			path = weakEx;
			sourceTree = "<group>";
		};
/* End PBXGroup section */

/* Begin PBXNativeTarget section */
		B598BDCF29D58C5C00FDEF04 /* weakEx */ = {
			isa = PBXNativeTarget;
			buildConfigurationList = B598BDE429D58C5D00FDEF04 /* Build configuration list for PBXNativeTarget "weakEx" */;
			buildPhases = (
				B598BDCC29D58C5C00FDEF04 /* Sources */,
				B598BDCD29D58C5C00FDEF04 /* Frameworks */,
				B598BDCE29D58C5C00FDEF04 /* Resources */,
			);
			buildRules = (
			);
			dependencies = (
			);
			name = weakEx;
			productName = weakEx;
			productReference = B598BDD029D58C5C00FDEF04 /* weakEx.app */;
			productType = "com.apple.product-type.application";
		};
/* End PBXNativeTarget section */

/* Begin PBXProject section */
		B598BDC829D58C5C00FDEF04 /* Project object */ = {
			isa = PBXProject;
			attributes = {
				BuildIndependentTargetsInParallel = 1;
				LastSwiftUpdateCheck = 1420;
				LastUpgradeCheck = 1420;
				TargetAttributes = {
					B598BDCF29D58C5C00FDEF04 = {
						CreatedOnToolsVersion = 14.2;
					};
				};
			};
			buildConfigurationList = B598BDCB29D58C5C00FDEF04 /* Build configuration list for PBXProject "weakEx" */;
			compatibilityVersion = "Xcode 14.0";
			developmentRegion = en;
			hasScannedForEncodings = 0;
			knownRegions = (
				en,
				Base,
			);
			mainGroup = B598BDC729D58C5C00FDEF04;
			productRefGroup = B598BDD129D58C5C00FDEF04 /* Products */;
			projectDirPath = "";
			projectRoot = "";
			targets = (
				B598BDCF29D58C5C00FDEF04 /* weakEx */,
			);
		};
/* End PBXProject section */

/* Begin PBXResourcesBuildPhase section */
		B598BDCE29D58C5C00FDEF04 /* Resources */ = {
			isa = PBXResourcesBuildPhase;
			buildActionMask = 2147483647;
			files = (
				B598BDE029D58C5D00FDEF04 /* LaunchScreen.storyboard in Resources */,
				B598BDDD29D58C5D00FDEF04 /* Assets.xcassets in Resources */,
				B598BDDB29D58C5C00FDEF04 /* Main.storyboard in Resources */,
				B598BDE829D58C7A00FDEF04 /* Table.storyboard in Resources */,
			);
			runOnlyForDeploymentPostprocessing = 0;
		};
/* End PBXResourcesBuildPhase section */

/* Begin PBXSourcesBuildPhase section */
		B598BDCC29D58C5C00FDEF04 /* Sources */ = {
			isa = PBXSourcesBuildPhase;
			buildActionMask = 2147483647;
			files = (
				B598BDEE29D58DAD00FDEF04 /* SecondViewController.swift in Sources */,
				B598BDEC29D58CA900FDEF04 /* TableViewCell.swift in Sources */,
				B598BDD829D58C5C00FDEF04 /* ViewController.swift in Sources */,
				B598BDD429D58C5C00FDEF04 /* AppDelegate.swift in Sources */,
				B598BDD629D58C5C00FDEF04 /* SceneDelegate.swift in Sources */,
				B598BDEA29D58C9E00FDEF04 /* TableViewController.swift in Sources */,
			);
			runOnlyForDeploymentPostprocessing = 0;
		};
/* End PBXSourcesBuildPhase section */

/* Begin PBXVariantGroup section */
		B598BDD929D58C5C00FDEF04 /* Main.storyboard */ = {
			isa = PBXVariantGroup;
			children = (
				B598BDDA29D58C5C00FDEF04 /* Base */,
			);
			name = Main.storyboard;
			sourceTree = "<group>";
		};
		B598BDDE29D58C5D00FDEF04 /* LaunchScreen.storyboard */ = {
			isa = PBXVariantGroup;
			children = (
				B598BDDF29D58C5D00FDEF04 /* Base */,
			);
			name = LaunchScreen.storyboard;
			sourceTree = "<group>";
		};
/* End PBXVariantGroup section */

/* Begin XCBuildConfiguration section */
		B598BDE229D58C5D00FDEF04 /* Debug */ = {
			isa = XCBuildConfiguration;
			buildSettings = {
				ALWAYS_SEARCH_USER_PATHS = NO;
				CLANG_ANALYZER_NONNULL = YES;
				CLANG_ANALYZER_NUMBER_OBJECT_CONVERSION = YES_AGGRESSIVE;
				CLANG_CXX_LANGUAGE_STANDARD = "gnu++20";
				CLANG_ENABLE_MODULES = YES;
				CLANG_ENABLE_OBJC_ARC = YES;
				CLANG_ENABLE_OBJC_WEAK = YES;
				CLANG_WARN_BLOCK_CAPTURE_AUTORELEASING = YES;
				CLANG_WARN_BOOL_CONVERSION = YES;
				CLANG_WARN_COMMA = YES;
				CLANG_WARN_CONSTANT_CONVERSION = YES;
				CLANG_WARN_DEPRECATED_OBJC_IMPLEMENTATIONS = YES;
				CLANG_WARN_DIRECT_OBJC_ISA_USAGE = YES_ERROR;
				CLANG_WARN_DOCUMENTATION_COMMENTS = YES;
				CLANG_WARN_EMPTY_BODY = YES;
				CLANG_WARN_ENUM_CONVERSION = YES;
				CLANG_WARN_INFINITE_RECURSION = YES;
				CLANG_WARN_INT_CONVERSION = YES;
				CLANG_WARN_NON_LITERAL_NULL_CONVERSION = YES;
				CLANG_WARN_OBJC_IMPLICIT_RETAIN_SELF = YES;
				CLANG_WARN_OBJC_LITERAL_CONVERSION = YES;
				CLANG_WARN_OBJC_ROOT_CLASS = YES_ERROR;
				CLANG_WARN_QUOTED_INCLUDE_IN_FRAMEWORK_HEADER = YES;
				CLANG_WARN_RANGE_LOOP_ANALYSIS = YES;
				CLANG_WARN_STRICT_PROTOTYPES = YES;
				CLANG_WARN_SUSPICIOUS_MOVE = YES;
				CLANG_WARN_UNGUARDED_AVAILABILITY = YES_AGGRESSIVE;
				CLANG_WARN_UNREACHABLE_CODE = YES;
				CLANG_WARN__DUPLICATE_METHOD_MATCH = YES;
				COPY_PHASE_STRIP = NO;
				DEBUG_INFORMATION_FORMAT = dwarf;
				ENABLE_STRICT_OBJC_MSGSEND = YES;
				ENABLE_TESTABILITY = YES;
				GCC_C_LANGUAGE_STANDARD = gnu11;
				GCC_DYNAMIC_NO_PIC = NO;
				GCC_NO_COMMON_BLOCKS = YES;
				GCC_OPTIMIZATION_LEVEL = 0;
				GCC_PREPROCESSOR_DEFINITIONS = (
					"DEBUG=1",
					"$(inherited)",
				);
				GCC_WARN_64_TO_32_BIT_CONVERSION = YES;
				GCC_WARN_ABOUT_RETURN_TYPE = YES_ERROR;
				GCC_WARN_UNDECLARED_SELECTOR = YES;
				GCC_WARN_UNINITIALIZED_AUTOS = YES_AGGRESSIVE;
				GCC_WARN_UNUSED_FUNCTION = YES;
				GCC_WARN_UNUSED_VARIABLE = YES;
				IPHONEOS_DEPLOYMENT_TARGET = 16.2;
				MTL_ENABLE_DEBUG_INFO = INCLUDE_SOURCE;
				MTL_FAST_MATH = YES;
				ONLY_ACTIVE_ARCH = YES;
				SDKROOT = iphoneos;
				SWIFT_ACTIVE_COMPILATION_CONDITIONS = DEBUG;
				SWIFT_OPTIMIZATION_LEVEL = "-Onone";
			};
			name = Debug;
		};
		B598BDE329D58C5D00FDEF04 /* Release */ = {
			isa = XCBuildConfiguration;
			buildSettings = {
				ALWAYS_SEARCH_USER_PATHS = NO;
				CLANG_ANALYZER_NONNULL = YES;
				CLANG_ANALYZER_NUMBER_OBJECT_CONVERSION = YES_AGGRESSIVE;
				CLANG_CXX_LANGUAGE_STANDARD = "gnu++20";
				CLANG_ENABLE_MODULES = YES;
				CLANG_ENABLE_OBJC_ARC = YES;
				CLANG_ENABLE_OBJC_WEAK = YES;
				CLANG_WARN_BLOCK_CAPTURE_AUTORELEASING = YES;
				CLANG_WARN_BOOL_CONVERSION = YES;
				CLANG_WARN_COMMA = YES;
				CLANG_WARN_CONSTANT_CONVERSION = YES;
				CLANG_WARN_DEPRECATED_OBJC_IMPLEMENTATIONS = YES;
				CLANG_WARN_DIRECT_OBJC_ISA_USAGE = YES_ERROR;
				CLANG_WARN_DOCUMENTATION_COMMENTS = YES;
				CLANG_WARN_EMPTY_BODY = YES;
				CLANG_WARN_ENUM_CONVERSION = YES;
				CLANG_WARN_INFINITE_RECURSION = YES;
				CLANG_WARN_INT_CONVERSION = YES;
				CLANG_WARN_NON_LITERAL_NULL_CONVERSION = YES;
				CLANG_WARN_OBJC_IMPLICIT_RETAIN_SELF = YES;
				CLANG_WARN_OBJC_LITERAL_CONVERSION = YES;
				CLANG_WARN_OBJC_ROOT_CLASS = YES_ERROR;
				CLANG_WARN_QUOTED_INCLUDE_IN_FRAMEWORK_HEADER = YES;
				CLANG_WARN_RANGE_LOOP_ANALYSIS = YES;
				CLANG_WARN_STRICT_PROTOTYPES = YES;
				CLANG_WARN_SUSPICIOUS_MOVE = YES;
				CLANG_WARN_UNGUARDED_AVAILABILITY = YES_AGGRESSIVE;
				CLANG_WARN_UNREACHABLE_CODE = YES;
				CLANG_WARN__DUPLICATE_METHOD_MATCH = YES;
				COPY_PHASE_STRIP = NO;
				DEBUG_INFORMATION_FORMAT = "dwarf-with-dsym";
				ENABLE_NS_ASSERTIONS = NO;
				ENABLE_STRICT_OBJC_MSGSEND = YES;
				GCC_C_LANGUAGE_STANDARD = gnu11;
				GCC_NO_COMMON_BLOCKS = YES;
				GCC_WARN_64_TO_32_BIT_CONVERSION = YES;
				GCC_WARN_ABOUT_RETURN_TYPE = YES_ERROR;
				GCC_WARN_UNDECLARED_SELECTOR = YES;
				GCC_WARN_UNINITIALIZED_AUTOS = YES_AGGRESSIVE;
				GCC_WARN_UNUSED_FUNCTION = YES;
				GCC_WARN_UNUSED_VARIABLE = YES;
				IPHONEOS_DEPLOYMENT_TARGET = 16.2;
				MTL_ENABLE_DEBUG_INFO = NO;
				MTL_FAST_MATH = YES;
				SDKROOT = iphoneos;
				SWIFT_COMPILATION_MODE = wholemodule;
				SWIFT_OPTIMIZATION_LEVEL = "-O";
				VALIDATE_PRODUCT = YES;
			};
			name = Release;
		};
		B598BDE529D58C5D00FDEF04 /* Debug */ = {
			isa = XCBuildConfiguration;
			buildSettings = {
				ASSETCATALOG_COMPILER_APPICON_NAME = AppIcon;
				ASSETCATALOG_COMPILER_GLOBAL_ACCENT_COLOR_NAME = AccentColor;
				CODE_SIGN_STYLE = Automatic;
				CURRENT_PROJECT_VERSION = 1;
				DEVELOPMENT_TEAM = AXN37CP9B9;
				GENERATE_INFOPLIST_FILE = YES;
				INFOPLIST_FILE = weakEx/Info.plist;
				INFOPLIST_KEY_UIApplicationSupportsIndirectInputEvents = YES;
				INFOPLIST_KEY_UILaunchStoryboardName = LaunchScreen;
				INFOPLIST_KEY_UIMainStoryboardFile = Main;
				INFOPLIST_KEY_UISupportedInterfaceOrientations_iPad = "UIInterfaceOrientationPortrait UIInterfaceOrientationPortraitUpsideDown UIInterfaceOrientationLandscapeLeft UIInterfaceOrientationLandscapeRight";
				INFOPLIST_KEY_UISupportedInterfaceOrientations_iPhone = "UIInterfaceOrientationPortrait UIInterfaceOrientationLandscapeLeft UIInterfaceOrientationLandscapeRight";
				LD_RUNPATH_SEARCH_PATHS = (
					"$(inherited)",
					"@executable_path/Frameworks",
				);
				MARKETING_VERSION = 1.0;
				PRODUCT_BUNDLE_IDENTIFIER = minjae.weakEx;
				PRODUCT_NAME = "$(TARGET_NAME)";
				SWIFT_EMIT_LOC_STRINGS = YES;
				SWIFT_VERSION = 5.0;
				TARGETED_DEVICE_FAMILY = "1,2";
			};
			name = Debug;
		};
		B598BDE629D58C5D00FDEF04 /* Release */ = {
			isa = XCBuildConfiguration;
			buildSettings = {
				ASSETCATALOG_COMPILER_APPICON_NAME = AppIcon;
				ASSETCATALOG_COMPILER_GLOBAL_ACCENT_COLOR_NAME = AccentColor;
				CODE_SIGN_STYLE = Automatic;
				CURRENT_PROJECT_VERSION = 1;
				DEVELOPMENT_TEAM = AXN37CP9B9;
				GENERATE_INFOPLIST_FILE = YES;
				INFOPLIST_FILE = weakEx/Info.plist;
				INFOPLIST_KEY_UIApplicationSupportsIndirectInputEvents = YES;
				INFOPLIST_KEY_UILaunchStoryboardName = LaunchScreen;
				INFOPLIST_KEY_UIMainStoryboardFile = Main;
				INFOPLIST_KEY_UISupportedInterfaceOrientations_iPad = "UIInterfaceOrientationPortrait UIInterfaceOrientationPortraitUpsideDown UIInterfaceOrientationLandscapeLeft UIInterfaceOrientationLandscapeRight";
				INFOPLIST_KEY_UISupportedInterfaceOrientations_iPhone = "UIInterfaceOrientationPortrait UIInterfaceOrientationLandscapeLeft UIInterfaceOrientationLandscapeRight";
				LD_RUNPATH_SEARCH_PATHS = (
					"$(inherited)",
					"@executable_path/Frameworks",
				);
				MARKETING_VERSION = 1.0;
				PRODUCT_BUNDLE_IDENTIFIER = minjae.weakEx;
				PRODUCT_NAME = "$(TARGET_NAME)";
				SWIFT_EMIT_LOC_STRINGS = YES;
				SWIFT_VERSION = 5.0;
				TARGETED_DEVICE_FAMILY = "1,2";
			};
			name = Release;
		};
/* End XCBuildConfiguration section */

/* Begin XCConfigurationList section */
		B598BDCB29D58C5C00FDEF04 /* Build configuration list for PBXProject "weakEx" */ = {
			isa = XCConfigurationList;
			buildConfigurations = (
				B598BDE229D58C5D00FDEF04 /* Debug */,
				B598BDE329D58C5D00FDEF04 /* Release */,
			);
			defaultConfigurationIsVisible = 0;
			defaultConfigurationName = Release;
		};
		B598BDE429D58C5D00FDEF04 /* Build configuration list for PBXNativeTarget "weakEx" */ = {
			isa = XCConfigurationList;
			buildConfigurations = (
				B598BDE529D58C5D00FDEF04 /* Debug */,
				B598BDE629D58C5D00FDEF04 /* Release */,
			);
			defaultConfigurationIsVisible = 0;
			defaultConfigurationName = Release;
		};
/* End XCConfigurationList section */
	};
	rootObject = B598BDC829D58C5C00FDEF04 /* Project object */;
}
