// !$*UTF8*$!
{
	archiveVersion = 1;
	classes = {
	};
	objectVersion = 56;
	objects = {

/* Begin PBXBuildFile section */
		B5A5C2C92A21D55800B78BC3 /* AppDelegate.swift in Sources */ = {isa = PBXBuildFile; fileRef = B5A5C2C82A21D55800B78BC3 /* AppDelegate.swift */; };
		B5A5C2CB2A21D55800B78BC3 /* SceneDelegate.swift in Sources */ = {isa = PBXBuildFile; fileRef = B5A5C2CA2A21D55800B78BC3 /* SceneDelegate.swift */; };
		B5A5C2CD2A21D55800B78BC3 /* ViewController.swift in Sources */ = {isa = PBXBuildFile; fileRef = B5A5C2CC2A21D55800B78BC3 /* ViewController.swift */; };
		B5A5C2D02A21D55800B78BC3 /* Main.storyboard in Resources */ = {isa = PBXBuildFile; fileRef = B5A5C2CE2A21D55800B78BC3 /* Main.storyboard */; };
		B5A5C2D22A21D55900B78BC3 /* Assets.xcassets in Resources */ = {isa = PBXBuildFile; fileRef = B5A5C2D12A21D55900B78BC3 /* Assets.xcassets */; };
		B5A5C2D52A21D55900B78BC3 /* LaunchScreen.storyboard in Resources */ = {isa = PBXBuildFile; fileRef = B5A5C2D32A21D55900B78BC3 /* LaunchScreen.storyboard */; };
		B5A5C2DE2A21D63700B78BC3 /* Realm in Frameworks */ = {isa = PBXBuildFile; productRef = B5A5C2DD2A21D63700B78BC3 /* Realm */; };
		B5A5C2E02A21D63700B78BC3 /* RealmSwift in Frameworks */ = {isa = PBXBuildFile; productRef = B5A5C2DF2A21D63700B78BC3 /* RealmSwift */; };
/* End PBXBuildFile section */

/* Begin PBXFileReference section */
		B5A5C2C52A21D55800B78BC3 /* RealmEx.app */ = {isa = PBXFileReference; explicitFileType = wrapper.application; includeInIndex = 0; path = RealmEx.app; sourceTree = BUILT_PRODUCTS_DIR; };
		B5A5C2C82A21D55800B78BC3 /* AppDelegate.swift */ = {isa = PBXFileReference; lastKnownFileType = sourcecode.swift; path = AppDelegate.swift; sourceTree = "<group>"; };
		B5A5C2CA2A21D55800B78BC3 /* SceneDelegate.swift */ = {isa = PBXFileReference; lastKnownFileType = sourcecode.swift; path = SceneDelegate.swift; sourceTree = "<group>"; };
		B5A5C2CC2A21D55800B78BC3 /* ViewController.swift */ = {isa = PBXFileReference; lastKnownFileType = sourcecode.swift; path = ViewController.swift; sourceTree = "<group>"; };
		B5A5C2CF2A21D55800B78BC3 /* Base */ = {isa = PBXFileReference; lastKnownFileType = file.storyboard; name = Base; path = Base.lproj/Main.storyboard; sourceTree = "<group>"; };
		B5A5C2D12A21D55900B78BC3 /* Assets.xcassets */ = {isa = PBXFileReference; lastKnownFileType = folder.assetcatalog; path = Assets.xcassets; sourceTree = "<group>"; };
		B5A5C2D42A21D55900B78BC3 /* Base */ = {isa = PBXFileReference; lastKnownFileType = file.storyboard; name = Base; path = Base.lproj/LaunchScreen.storyboard; sourceTree = "<group>"; };
		B5A5C2D62A21D55900B78BC3 /* Info.plist */ = {isa = PBXFileReference; lastKnownFileType = text.plist.xml; path = Info.plist; sourceTree = "<group>"; };
/* End PBXFileReference section */

/* Begin PBXFrameworksBuildPhase section */
		B5A5C2C22A21D55800B78BC3 /* Frameworks */ = {
			isa = PBXFrameworksBuildPhase;
			buildActionMask = 2147483647;
			files = (
				B5A5C2E02A21D63700B78BC3 /* RealmSwift in Frameworks */,
				B5A5C2DE2A21D63700B78BC3 /* Realm in Frameworks */,
			);
			runOnlyForDeploymentPostprocessing = 0;
		};
/* End PBXFrameworksBuildPhase section */

/* Begin PBXGroup section */
		B5A5C2BC2A21D55800B78BC3 = {
			isa = PBXGroup;
			children = (
				B5A5C2C72A21D55800B78BC3 /* RealmEx */,
				B5A5C2C62A21D55800B78BC3 /* Products */,
			);
			sourceTree = "<group>";
		};
		B5A5C2C62A21D55800B78BC3 /* Products */ = {
			isa = PBXGroup;
			children = (
				B5A5C2C52A21D55800B78BC3 /* RealmEx.app */,
			);
			name = Products;
			sourceTree = "<group>";
		};
		B5A5C2C72A21D55800B78BC3 /* RealmEx */ = {
			isa = PBXGroup;
			children = (
				B5A5C2C82A21D55800B78BC3 /* AppDelegate.swift */,
				B5A5C2CA2A21D55800B78BC3 /* SceneDelegate.swift */,
				B5A5C2CC2A21D55800B78BC3 /* ViewController.swift */,
				B5A5C2CE2A21D55800B78BC3 /* Main.storyboard */,
				B5A5C2D12A21D55900B78BC3 /* Assets.xcassets */,
				B5A5C2D32A21D55900B78BC3 /* LaunchScreen.storyboard */,
				B5A5C2D62A21D55900B78BC3 /* Info.plist */,
			);
			path = RealmEx;
			sourceTree = "<group>";
		};
/* End PBXGroup section */

/* Begin PBXNativeTarget section */
		B5A5C2C42A21D55800B78BC3 /* RealmEx */ = {
			isa = PBXNativeTarget;
			buildConfigurationList = B5A5C2D92A21D55900B78BC3 /* Build configuration list for PBXNativeTarget "RealmEx" */;
			buildPhases = (
				B5A5C2C12A21D55800B78BC3 /* Sources */,
				B5A5C2C22A21D55800B78BC3 /* Frameworks */,
				B5A5C2C32A21D55800B78BC3 /* Resources */,
			);
			buildRules = (
			);
			dependencies = (
			);
			name = RealmEx;
			packageProductDependencies = (
				B5A5C2DD2A21D63700B78BC3 /* Realm */,
				B5A5C2DF2A21D63700B78BC3 /* RealmSwift */,
			);
			productName = RealmEx;
			productReference = B5A5C2C52A21D55800B78BC3 /* RealmEx.app */;
			productType = "com.apple.product-type.application";
		};
/* End PBXNativeTarget section */

/* Begin PBXProject section */
		B5A5C2BD2A21D55800B78BC3 /* Project object */ = {
			isa = PBXProject;
			attributes = {
				BuildIndependentTargetsInParallel = 1;
				LastSwiftUpdateCheck = 1430;
				LastUpgradeCheck = 1430;
				TargetAttributes = {
					B5A5C2C42A21D55800B78BC3 = {
						CreatedOnToolsVersion = 14.3;
					};
				};
			};
			buildConfigurationList = B5A5C2C02A21D55800B78BC3 /* Build configuration list for PBXProject "RealmEx" */;
			compatibilityVersion = "Xcode 14.0";
			developmentRegion = en;
			hasScannedForEncodings = 0;
			knownRegions = (
				en,
				Base,
			);
			mainGroup = B5A5C2BC2A21D55800B78BC3;
			packageReferences = (
				B5A5C2DC2A21D63700B78BC3 /* XCRemoteSwiftPackageReference "realm-swift" */,
			);
			productRefGroup = B5A5C2C62A21D55800B78BC3 /* Products */;
			projectDirPath = "";
			projectRoot = "";
			targets = (
				B5A5C2C42A21D55800B78BC3 /* RealmEx */,
			);
		};
/* End PBXProject section */

/* Begin PBXResourcesBuildPhase section */
		B5A5C2C32A21D55800B78BC3 /* Resources */ = {
			isa = PBXResourcesBuildPhase;
			buildActionMask = 2147483647;
			files = (
				B5A5C2D52A21D55900B78BC3 /* LaunchScreen.storyboard in Resources */,
				B5A5C2D22A21D55900B78BC3 /* Assets.xcassets in Resources */,
				B5A5C2D02A21D55800B78BC3 /* Main.storyboard in Resources */,
			);
			runOnlyForDeploymentPostprocessing = 0;
		};
/* End PBXResourcesBuildPhase section */

/* Begin PBXSourcesBuildPhase section */
		B5A5C2C12A21D55800B78BC3 /* Sources */ = {
			isa = PBXSourcesBuildPhase;
			buildActionMask = 2147483647;
			files = (
				B5A5C2CD2A21D55800B78BC3 /* ViewController.swift in Sources */,
				B5A5C2C92A21D55800B78BC3 /* AppDelegate.swift in Sources */,
				B5A5C2CB2A21D55800B78BC3 /* SceneDelegate.swift in Sources */,
			);
			runOnlyForDeploymentPostprocessing = 0;
		};
/* End PBXSourcesBuildPhase section */

/* Begin PBXVariantGroup section */
		B5A5C2CE2A21D55800B78BC3 /* Main.storyboard */ = {
			isa = PBXVariantGroup;
			children = (
				B5A5C2CF2A21D55800B78BC3 /* Base */,
			);
			name = Main.storyboard;
			sourceTree = "<group>";
		};
		B5A5C2D32A21D55900B78BC3 /* LaunchScreen.storyboard */ = {
			isa = PBXVariantGroup;
			children = (
				B5A5C2D42A21D55900B78BC3 /* Base */,
			);
			name = LaunchScreen.storyboard;
			sourceTree = "<group>";
		};
/* End PBXVariantGroup section */

/* Begin XCBuildConfiguration section */
		B5A5C2D72A21D55900B78BC3 /* Debug */ = {
			isa = XCBuildConfiguration;
			buildSettings = {
				ALWAYS_SEARCH_USER_PATHS = NO;
				CLANG_ANALYZER_NONNULL = YES;
				CLANG_ANALYZER_NUMBER_OBJECT_CONVERSION = YES_AGGRESSIVE;
				CLANG_CXX_LANGUAGE_STANDARD = "gnu++20";
				CLANG_ENABLE_MODULES = YES;
				CLANG_ENABLE_OBJC_ARC = YES;
				CLANG_ENABLE_OBJC_WEAK = YES;
				CLANG_WARN_BLOCK_CAPTURE_AUTORELEASING = YES;
				CLANG_WARN_BOOL_CONVERSION = YES;
				CLANG_WARN_COMMA = YES;
				CLANG_WARN_CONSTANT_CONVERSION = YES;
				CLANG_WARN_DEPRECATED_OBJC_IMPLEMENTATIONS = YES;
				CLANG_WARN_DIRECT_OBJC_ISA_USAGE = YES_ERROR;
				CLANG_WARN_DOCUMENTATION_COMMENTS = YES;
				CLANG_WARN_EMPTY_BODY = YES;
				CLANG_WARN_ENUM_CONVERSION = YES;
				CLANG_WARN_INFINITE_RECURSION = YES;
				CLANG_WARN_INT_CONVERSION = YES;
				CLANG_WARN_NON_LITERAL_NULL_CONVERSION = YES;
				CLANG_WARN_OBJC_IMPLICIT_RETAIN_SELF = YES;
				CLANG_WARN_OBJC_LITERAL_CONVERSION = YES;
				CLANG_WARN_OBJC_ROOT_CLASS = YES_ERROR;
				CLANG_WARN_QUOTED_INCLUDE_IN_FRAMEWORK_HEADER = YES;
				CLANG_WARN_RANGE_LOOP_ANALYSIS = YES;
				CLANG_WARN_STRICT_PROTOTYPES = YES;
				CLANG_WARN_SUSPICIOUS_MOVE = YES;
				CLANG_WARN_UNGUARDED_AVAILABILITY = YES_AGGRESSIVE;
				CLANG_WARN_UNREACHABLE_CODE = YES;
				CLANG_WARN__DUPLICATE_METHOD_MATCH = YES;
				COPY_PHASE_STRIP = NO;
				DEBUG_INFORMATION_FORMAT = dwarf;
				ENABLE_STRICT_OBJC_MSGSEND = YES;
				ENABLE_TESTABILITY = YES;
				GCC_C_LANGUAGE_STANDARD = gnu11;
				GCC_DYNAMIC_NO_PIC = NO;
				GCC_NO_COMMON_BLOCKS = YES;
				GCC_OPTIMIZATION_LEVEL = 0;
				GCC_PREPROCESSOR_DEFINITIONS = (
					"DEBUG=1",
					"$(inherited)",
				);
				GCC_WARN_64_TO_32_BIT_CONVERSION = YES;
				GCC_WARN_ABOUT_RETURN_TYPE = YES_ERROR;
				GCC_WARN_UNDECLARED_SELECTOR = YES;
				GCC_WARN_UNINITIALIZED_AUTOS = YES_AGGRESSIVE;
				GCC_WARN_UNUSED_FUNCTION = YES;
				GCC_WARN_UNUSED_VARIABLE = YES;
				IPHONEOS_DEPLOYMENT_TARGET = 16.4;
				MTL_ENABLE_DEBUG_INFO = INCLUDE_SOURCE;
				MTL_FAST_MATH = YES;
				ONLY_ACTIVE_ARCH = YES;
				SDKROOT = iphoneos;
				SWIFT_ACTIVE_COMPILATION_CONDITIONS = DEBUG;
				SWIFT_OPTIMIZATION_LEVEL = "-Onone";
			};
			name = Debug;
		};
		B5A5C2D82A21D55900B78BC3 /* Release */ = {
			isa = XCBuildConfiguration;
			buildSettings = {
				ALWAYS_SEARCH_USER_PATHS = NO;
				CLANG_ANALYZER_NONNULL = YES;
				CLANG_ANALYZER_NUMBER_OBJECT_CONVERSION = YES_AGGRESSIVE;
				CLANG_CXX_LANGUAGE_STANDARD = "gnu++20";
				CLANG_ENABLE_MODULES = YES;
				CLANG_ENABLE_OBJC_ARC = YES;
				CLANG_ENABLE_OBJC_WEAK = YES;
				CLANG_WARN_BLOCK_CAPTURE_AUTORELEASING = YES;
				CLANG_WARN_BOOL_CONVERSION = YES;
				CLANG_WARN_COMMA = YES;
				CLANG_WARN_CONSTANT_CONVERSION = YES;
				CLANG_WARN_DEPRECATED_OBJC_IMPLEMENTATIONS = YES;
				CLANG_WARN_DIRECT_OBJC_ISA_USAGE = YES_ERROR;
				CLANG_WARN_DOCUMENTATION_COMMENTS = YES;
				CLANG_WARN_EMPTY_BODY = YES;
				CLANG_WARN_ENUM_CONVERSION = YES;
				CLANG_WARN_INFINITE_RECURSION = YES;
				CLANG_WARN_INT_CONVERSION = YES;
				CLANG_WARN_NON_LITERAL_NULL_CONVERSION = YES;
				CLANG_WARN_OBJC_IMPLICIT_RETAIN_SELF = YES;
				CLANG_WARN_OBJC_LITERAL_CONVERSION = YES;
				CLANG_WARN_OBJC_ROOT_CLASS = YES_ERROR;
				CLANG_WARN_QUOTED_INCLUDE_IN_FRAMEWORK_HEADER = YES;
				CLANG_WARN_RANGE_LOOP_ANALYSIS = YES;
				CLANG_WARN_STRICT_PROTOTYPES = YES;
				CLANG_WARN_SUSPICIOUS_MOVE = YES;
				CLANG_WARN_UNGUARDED_AVAILABILITY = YES_AGGRESSIVE;
				CLANG_WARN_UNREACHABLE_CODE = YES;
				CLANG_WARN__DUPLICATE_METHOD_MATCH = YES;
				COPY_PHASE_STRIP = NO;
				DEBUG_INFORMATION_FORMAT = "dwarf-with-dsym";
				ENABLE_NS_ASSERTIONS = NO;
				ENABLE_STRICT_OBJC_MSGSEND = YES;
				GCC_C_LANGUAGE_STANDARD = gnu11;
				GCC_NO_COMMON_BLOCKS = YES;
				GCC_WARN_64_TO_32_BIT_CONVERSION = YES;
				GCC_WARN_ABOUT_RETURN_TYPE = YES_ERROR;
				GCC_WARN_UNDECLARED_SELECTOR = YES;
				GCC_WARN_UNINITIALIZED_AUTOS = YES_AGGRESSIVE;
				GCC_WARN_UNUSED_FUNCTION = YES;
				GCC_WARN_UNUSED_VARIABLE = YES;
				IPHONEOS_DEPLOYMENT_TARGET = 16.4;
				MTL_ENABLE_DEBUG_INFO = NO;
				MTL_FAST_MATH = YES;
				SDKROOT = iphoneos;
				SWIFT_COMPILATION_MODE = wholemodule;
				SWIFT_OPTIMIZATION_LEVEL = "-O";
				VALIDATE_PRODUCT = YES;
			};
			name = Release;
		};
		B5A5C2DA2A21D55900B78BC3 /* Debug */ = {
			isa = XCBuildConfiguration;
			buildSettings = {
				ASSETCATALOG_COMPILER_APPICON_NAME = AppIcon;
				ASSETCATALOG_COMPILER_GLOBAL_ACCENT_COLOR_NAME = AccentColor;
				CODE_SIGN_STYLE = Automatic;
				CURRENT_PROJECT_VERSION = 1;
				DEVELOPMENT_TEAM = AXN37CP9B9;
				GENERATE_INFOPLIST_FILE = YES;
				INFOPLIST_FILE = RealmEx/Info.plist;
				INFOPLIST_KEY_UIApplicationSupportsIndirectInputEvents = YES;
				INFOPLIST_KEY_UILaunchStoryboardName = LaunchScreen;
				INFOPLIST_KEY_UIMainStoryboardFile = Main;
				INFOPLIST_KEY_UISupportedInterfaceOrientations_iPad = "UIInterfaceOrientationPortrait UIInterfaceOrientationPortraitUpsideDown UIInterfaceOrientationLandscapeLeft UIInterfaceOrientationLandscapeRight";
				INFOPLIST_KEY_UISupportedInterfaceOrientations_iPhone = "UIInterfaceOrientationPortrait UIInterfaceOrientationLandscapeLeft UIInterfaceOrientationLandscapeRight";
				LD_RUNPATH_SEARCH_PATHS = (
					"$(inherited)",
					"@executable_path/Frameworks",
				);
				MARKETING_VERSION = 1.0;
				PRODUCT_BUNDLE_IDENTIFIER = minjae.RealmEx;
				PRODUCT_NAME = "$(TARGET_NAME)";
				SWIFT_EMIT_LOC_STRINGS = YES;
				SWIFT_VERSION = 5.0;
				TARGETED_DEVICE_FAMILY = "1,2";
			};
			name = Debug;
		};
		B5A5C2DB2A21D55900B78BC3 /* Release */ = {
			isa = XCBuildConfiguration;
			buildSettings = {
				ASSETCATALOG_COMPILER_APPICON_NAME = AppIcon;
				ASSETCATALOG_COMPILER_GLOBAL_ACCENT_COLOR_NAME = AccentColor;
				CODE_SIGN_STYLE = Automatic;
				CURRENT_PROJECT_VERSION = 1;
				DEVELOPMENT_TEAM = AXN37CP9B9;
				GENERATE_INFOPLIST_FILE = YES;
				INFOPLIST_FILE = RealmEx/Info.plist;
				INFOPLIST_KEY_UIApplicationSupportsIndirectInputEvents = YES;
				INFOPLIST_KEY_UILaunchStoryboardName = LaunchScreen;
				INFOPLIST_KEY_UIMainStoryboardFile = Main;
				INFOPLIST_KEY_UISupportedInterfaceOrientations_iPad = "UIInterfaceOrientationPortrait UIInterfaceOrientationPortraitUpsideDown UIInterfaceOrientationLandscapeLeft UIInterfaceOrientationLandscapeRight";
				INFOPLIST_KEY_UISupportedInterfaceOrientations_iPhone = "UIInterfaceOrientationPortrait UIInterfaceOrientationLandscapeLeft UIInterfaceOrientationLandscapeRight";
				LD_RUNPATH_SEARCH_PATHS = (
					"$(inherited)",
					"@executable_path/Frameworks",
				);
				MARKETING_VERSION = 1.0;
				PRODUCT_BUNDLE_IDENTIFIER = minjae.RealmEx;
				PRODUCT_NAME = "$(TARGET_NAME)";
				SWIFT_EMIT_LOC_STRINGS = YES;
				SWIFT_VERSION = 5.0;
				TARGETED_DEVICE_FAMILY = "1,2";
			};
			name = Release;
		};
/* End XCBuildConfiguration section */

/* Begin XCConfigurationList section */
		B5A5C2C02A21D55800B78BC3 /* Build configuration list for PBXProject "RealmEx" */ = {
			isa = XCConfigurationList;
			buildConfigurations = (
				B5A5C2D72A21D55900B78BC3 /* Debug */,
				B5A5C2D82A21D55900B78BC3 /* Release */,
			);
			defaultConfigurationIsVisible = 0;
			defaultConfigurationName = Release;
		};
		B5A5C2D92A21D55900B78BC3 /* Build configuration list for PBXNativeTarget "RealmEx" */ = {
			isa = XCConfigurationList;
			buildConfigurations = (
				B5A5C2DA2A21D55900B78BC3 /* Debug */,
				B5A5C2DB2A21D55900B78BC3 /* Release */,
			);
			defaultConfigurationIsVisible = 0;
			defaultConfigurationName = Release;
		};
/* End XCConfigurationList section */

/* Begin XCRemoteSwiftPackageReference section */
		B5A5C2DC2A21D63700B78BC3 /* XCRemoteSwiftPackageReference "realm-swift" */ = {
			isa = XCRemoteSwiftPackageReference;
			repositoryURL = "https://github.com/realm/realm-swift";
			requirement = {
				branch = master;
				kind = branch;
			};
		};
/* End XCRemoteSwiftPackageReference section */

/* Begin XCSwiftPackageProductDependency section */
		B5A5C2DD2A21D63700B78BC3 /* Realm */ = {
			isa = XCSwiftPackageProductDependency;
			package = B5A5C2DC2A21D63700B78BC3 /* XCRemoteSwiftPackageReference "realm-swift" */;
			productName = Realm;
		};
		B5A5C2DF2A21D63700B78BC3 /* RealmSwift */ = {
			isa = XCSwiftPackageProductDependency;
			package = B5A5C2DC2A21D63700B78BC3 /* XCRemoteSwiftPackageReference "realm-swift" */;
			productName = RealmSwift;
		};
/* End XCSwiftPackageProductDependency section */
	};
	rootObject = B5A5C2BD2A21D55800B78BC3 /* Project object */;
}
